
Microsoft Visual Studio Solution File, Format Version 12.00
Project("{FAE04EC0-301F-11D3-BF4B-00C04F79EFBC}") = "WebApplication1", "WebApplication1\WebApplication1.csproj", "{95D127D4-4198-4EDC-981A-9FB806C4827B}"
EndProject
Global
	GlobalSection(SolutionConfigurationPlatforms) = preSolution
		Debug|Any CPU = Debug|Any CPU
		Release|Any CPU = Release|Any CPU
	EndGlobalSection
	GlobalSection(ProjectConfigurationPlatforms) = postSolution
		{95D127D4-4198-4EDC-981A-9FB806C4827B}.Debug|Any CPU.ActiveCfg = Debug|Any CPU
		{95D127D4-4198-4EDC-981A-9FB806C4827B}.Debug|Any CPU.Build.0 = Debug|Any CPU
		{95D127D4-4198-4EDC-981A-9FB806C4827B}.Release|Any CPU.ActiveCfg = Release|Any CPU
		{95D127D4-4198-4EDC-981A-9FB806C4827B}.Release|Any CPU.Build.0 = Release|Any CPU
		{A702F8CF-7584-407B-9E49-B1F7FF1355B8}.Debug|Any CPU.ActiveCfg = Debug|Any CPU
		{A702F8CF-7584-407B-9E49-B1F7FF1355B8}.Debug|Any CPU.Build.0 = Debug|Any CPU
		{A702F8CF-7584-407B-9E49-B1F7FF1355B8}.Release|Any CPU.ActiveCfg = Release|Any CPU
		{A702F8CF-7584-407B-9E49-B1F7FF1355B8}.Release|Any CPU.Build.0 = Release|Any CPU
	EndGlobalSection
EndGlobal
